// !$*UTF8*$!
{
	archiveVersion = 1;
	classes = {
	};
	objectVersion = 50;
	objects = {

/* Begin PBXBuildFile section */
		15231F9626F6BD6C00A0F77D /* AppDelegate.swift in Sources */ = {isa = PBXBuildFile; fileRef = 15231F9526F6BD6C00A0F77D /* AppDelegate.swift */; };
		15231F9826F6BD6C00A0F77D /* SceneDelegate.swift in Sources */ = {isa = PBXBuildFile; fileRef = 15231F9726F6BD6C00A0F77D /* SceneDelegate.swift */; };
		15231F9D26F6BD6C00A0F77D /* Main.storyboard in Resources */ = {isa = PBXBuildFile; fileRef = 15231F9B26F6BD6C00A0F77D /* Main.storyboard */; };
		15231F9F26F6BD6D00A0F77D /* Assets.xcassets in Resources */ = {isa = PBXBuildFile; fileRef = 15231F9E26F6BD6D00A0F77D /* Assets.xcassets */; };
		15231FA226F6BD6D00A0F77D /* LaunchScreen.storyboard in Resources */ = {isa = PBXBuildFile; fileRef = 15231FA026F6BD6D00A0F77D /* LaunchScreen.storyboard */; };
		15231FAA26F6C22000A0F77D /* UserListTableViewController.swift in Sources */ = {isa = PBXBuildFile; fileRef = 15231FA926F6C22000A0F77D /* UserListTableViewController.swift */; };
		15231FAE26F6C31500A0F77D /* User.swift in Sources */ = {isa = PBXBuildFile; fileRef = 15231FAC26F6C31500A0F77D /* User.swift */; };
		15231FAF26F6C31500A0F77D /* Post.swift in Sources */ = {isa = PBXBuildFile; fileRef = 15231FAD26F6C31500A0F77D /* Post.swift */; };
/* End PBXBuildFile section */

/* Begin PBXFileReference section */
		15231F9226F6BD6C00A0F77D /* UserPostUIKit.app */ = {isa = PBXFileReference; explicitFileType = wrapper.application; includeInIndex = 0; path = UserPostUIKit.app; sourceTree = BUILT_PRODUCTS_DIR; };
		15231F9526F6BD6C00A0F77D /* AppDelegate.swift */ = {isa = PBXFileReference; lastKnownFileType = sourcecode.swift; path = AppDelegate.swift; sourceTree = "<group>"; };
		15231F9726F6BD6C00A0F77D /* SceneDelegate.swift */ = {isa = PBXFileReference; lastKnownFileType = sourcecode.swift; path = SceneDelegate.swift; sourceTree = "<group>"; };
		15231F9C26F6BD6C00A0F77D /* Base */ = {isa = PBXFileReference; lastKnownFileType = file.storyboard; name = Base; path = Base.lproj/Main.storyboard; sourceTree = "<group>"; };
		15231F9E26F6BD6D00A0F77D /* Assets.xcassets */ = {isa = PBXFileReference; lastKnownFileType = folder.assetcatalog; path = Assets.xcassets; sourceTree = "<group>"; };
		15231FA126F6BD6D00A0F77D /* Base */ = {isa = PBXFileReference; lastKnownFileType = file.storyboard; name = Base; path = Base.lproj/LaunchScreen.storyboard; sourceTree = "<group>"; };
		15231FA326F6BD6D00A0F77D /* Info.plist */ = {isa = PBXFileReference; lastKnownFileType = text.plist.xml; path = Info.plist; sourceTree = "<group>"; };
		15231FA926F6C22000A0F77D /* UserListTableViewController.swift */ = {isa = PBXFileReference; lastKnownFileType = sourcecode.swift; path = UserListTableViewController.swift; sourceTree = "<group>"; };
		15231FAC26F6C31500A0F77D /* User.swift */ = {isa = PBXFileReference; fileEncoding = 4; lastKnownFileType = sourcecode.swift; path = User.swift; sourceTree = "<group>"; };
		15231FAD26F6C31500A0F77D /* Post.swift */ = {isa = PBXFileReference; fileEncoding = 4; lastKnownFileType = sourcecode.swift; path = Post.swift; sourceTree = "<group>"; };
/* End PBXFileReference section */

/* Begin PBXFrameworksBuildPhase section */
		15231F8F26F6BD6C00A0F77D /* Frameworks */ = {
			isa = PBXFrameworksBuildPhase;
			buildActionMask = 2147483647;
			files = (
			);
			runOnlyForDeploymentPostprocessing = 0;
		};
/* End PBXFrameworksBuildPhase section */

/* Begin PBXGroup section */
		15231F8926F6BD6C00A0F77D = {
			isa = PBXGroup;
			children = (
				15231F9426F6BD6C00A0F77D /* UserPostUIKit */,
				15231F9326F6BD6C00A0F77D /* Products */,
			);
			sourceTree = "<group>";
		};
		15231F9326F6BD6C00A0F77D /* Products */ = {
			isa = PBXGroup;
			children = (
				15231F9226F6BD6C00A0F77D /* UserPostUIKit.app */,
			);
			name = Products;
			sourceTree = "<group>";
		};
		15231F9426F6BD6C00A0F77D /* UserPostUIKit */ = {
			isa = PBXGroup;
			children = (
				15231FB026F6C3D400A0F77D /* ViewController */,
				15231FAB26F6C31500A0F77D /* Model */,
				15231F9526F6BD6C00A0F77D /* AppDelegate.swift */,
				15231F9726F6BD6C00A0F77D /* SceneDelegate.swift */,
				15231F9B26F6BD6C00A0F77D /* Main.storyboard */,
				15231F9E26F6BD6D00A0F77D /* Assets.xcassets */,
				15231FA026F6BD6D00A0F77D /* LaunchScreen.storyboard */,
				15231FA326F6BD6D00A0F77D /* Info.plist */,
			);
			path = UserPostUIKit;
			sourceTree = "<group>";
		};
		15231FAB26F6C31500A0F77D /* Model */ = {
			isa = PBXGroup;
			children = (
				15231FAC26F6C31500A0F77D /* User.swift */,
				15231FAD26F6C31500A0F77D /* Post.swift */,
			);
			path = Model;
			sourceTree = "<group>";
		};
		15231FB026F6C3D400A0F77D /* ViewController */ = {
			isa = PBXGroup;
			children = (
				15231FA926F6C22000A0F77D /* UserListTableViewController.swift */,
			);
			path = ViewController;
			sourceTree = "<group>";
		};
/* End PBXGroup section */

/* Begin PBXNativeTarget section */
		15231F9126F6BD6C00A0F77D /* UserPostUIKit */ = {
			isa = PBXNativeTarget;
			buildConfigurationList = 15231FA626F6BD6D00A0F77D /* Build configuration list for PBXNativeTarget "UserPostUIKit" */;
			buildPhases = (
				15231F8E26F6BD6C00A0F77D /* Sources */,
				15231F8F26F6BD6C00A0F77D /* Frameworks */,
				15231F9026F6BD6C00A0F77D /* Resources */,
			);
			buildRules = (
			);
			dependencies = (
			);
			name = UserPostUIKit;
			productName = UserPostUIKit;
			productReference = 15231F9226F6BD6C00A0F77D /* UserPostUIKit.app */;
			productType = "com.apple.product-type.application";
		};
/* End PBXNativeTarget section */

/* Begin PBXProject section */
		15231F8A26F6BD6C00A0F77D /* Project object */ = {
			isa = PBXProject;
			attributes = {
				LastSwiftUpdateCheck = 1250;
				LastUpgradeCheck = 1250;
				TargetAttributes = {
					15231F9126F6BD6C00A0F77D = {
						CreatedOnToolsVersion = 12.5.1;
					};
				};
			};
			buildConfigurationList = 15231F8D26F6BD6C00A0F77D /* Build configuration list for PBXProject "UserPostUIKit" */;
			compatibilityVersion = "Xcode 9.3";
			developmentRegion = en;
			hasScannedForEncodings = 0;
			knownRegions = (
				en,
				Base,
			);
			mainGroup = 15231F8926F6BD6C00A0F77D;
			productRefGroup = 15231F9326F6BD6C00A0F77D /* Products */;
			projectDirPath = "";
			projectRoot = "";
			targets = (
				15231F9126F6BD6C00A0F77D /* UserPostUIKit */,
			);
		};
/* End PBXProject section */

/* Begin PBXResourcesBuildPhase section */
		15231F9026F6BD6C00A0F77D /* Resources */ = {
			isa = PBXResourcesBuildPhase;
			buildActionMask = 2147483647;
			files = (
				15231FA226F6BD6D00A0F77D /* LaunchScreen.storyboard in Resources */,
				15231F9F26F6BD6D00A0F77D /* Assets.xcassets in Resources */,
				15231F9D26F6BD6C00A0F77D /* Main.storyboard in Resources */,
			);
			runOnlyForDeploymentPostprocessing = 0;
		};
/* End PBXResourcesBuildPhase section */

/* Begin PBXSourcesBuildPhase section */
		15231F8E26F6BD6C00A0F77D /* Sources */ = {
			isa = PBXSourcesBuildPhase;
			buildActionMask = 2147483647;
			files = (
				15231FAE26F6C31500A0F77D /* User.swift in Sources */,
				15231FAA26F6C22000A0F77D /* UserListTableViewController.swift in Sources */,
				15231F9626F6BD6C00A0F77D /* AppDelegate.swift in Sources */,
				15231F9826F6BD6C00A0F77D /* SceneDelegate.swift in Sources */,
				15231FAF26F6C31500A0F77D /* Post.swift in Sources */,
			);
			runOnlyForDeploymentPostprocessing = 0;
		};
/* End PBXSourcesBuildPhase section */

/* Begin PBXVariantGroup section */
		15231F9B26F6BD6C00A0F77D /* Main.storyboard */ = {
			isa = PBXVariantGroup;
			children = (
				15231F9C26F6BD6C00A0F77D /* Base */,
			);
			name = Main.storyboard;
			sourceTree = "<group>";
		};
		15231FA026F6BD6D00A0F77D /* LaunchScreen.storyboard */ = {
			isa = PBXVariantGroup;
			children = (
				15231FA126F6BD6D00A0F77D /* Base */,
			);
			name = LaunchScreen.storyboard;
			sourceTree = "<group>";
		};
/* End PBXVariantGroup section */

/* Begin XCBuildConfiguration section */
		15231FA426F6BD6D00A0F77D /* Debug */ = {
			isa = XCBuildConfiguration;
			buildSettings = {
				ALWAYS_SEARCH_USER_PATHS = NO;
				CLANG_ANALYZER_NONNULL = YES;
				CLANG_ANALYZER_NUMBER_OBJECT_CONVERSION = YES_AGGRESSIVE;
				CLANG_CXX_LANGUAGE_STANDARD = "gnu++14";
				CLANG_CXX_LIBRARY = "libc++";
				CLANG_ENABLE_MODULES = YES;
				CLANG_ENABLE_OBJC_ARC = YES;
				CLANG_ENABLE_OBJC_WEAK = YES;
				CLANG_WARN_BLOCK_CAPTURE_AUTORELEASING = YES;
				CLANG_WARN_BOOL_CONVERSION = YES;
				CLANG_WARN_COMMA = YES;
				CLANG_WARN_CONSTANT_CONVERSION = YES;
				CLANG_WARN_DEPRECATED_OBJC_IMPLEMENTATIONS = YES;
				CLANG_WARN_DIRECT_OBJC_ISA_USAGE = YES_ERROR;
				CLANG_WARN_DOCUMENTATION_COMMENTS = YES;
				CLANG_WARN_EMPTY_BODY = YES;
				CLANG_WARN_ENUM_CONVERSION = YES;
				CLANG_WARN_INFINITE_RECURSION = YES;
				CLANG_WARN_INT_CONVERSION = YES;
				CLANG_WARN_NON_LITERAL_NULL_CONVERSION = YES;
				CLANG_WARN_OBJC_IMPLICIT_RETAIN_SELF = YES;
				CLANG_WARN_OBJC_LITERAL_CONVERSION = YES;
				CLANG_WARN_OBJC_ROOT_CLASS = YES_ERROR;
				CLANG_WARN_QUOTED_INCLUDE_IN_FRAMEWORK_HEADER = YES;
				CLANG_WARN_RANGE_LOOP_ANALYSIS = YES;
				CLANG_WARN_STRICT_PROTOTYPES = YES;
				CLANG_WARN_SUSPICIOUS_MOVE = YES;
				CLANG_WARN_UNGUARDED_AVAILABILITY = YES_AGGRESSIVE;
				CLANG_WARN_UNREACHABLE_CODE = YES;
				CLANG_WARN__DUPLICATE_METHOD_MATCH = YES;
				COPY_PHASE_STRIP = NO;
				DEBUG_INFORMATION_FORMAT = dwarf;
				ENABLE_STRICT_OBJC_MSGSEND = YES;
				ENABLE_TESTABILITY = YES;
				GCC_C_LANGUAGE_STANDARD = gnu11;
				GCC_DYNAMIC_NO_PIC = NO;
				GCC_NO_COMMON_BLOCKS = YES;
				GCC_OPTIMIZATION_LEVEL = 0;
				GCC_PREPROCESSOR_DEFINITIONS = (
					"DEBUG=1",
					"$(inherited)",
				);
				GCC_WARN_64_TO_32_BIT_CONVERSION = YES;
				GCC_WARN_ABOUT_RETURN_TYPE = YES_ERROR;
				GCC_WARN_UNDECLARED_SELECTOR = YES;
				GCC_WARN_UNINITIALIZED_AUTOS = YES_AGGRESSIVE;
				GCC_WARN_UNUSED_FUNCTION = YES;
				GCC_WARN_UNUSED_VARIABLE = YES;
				IPHONEOS_DEPLOYMENT_TARGET = 14.5;
				MTL_ENABLE_DEBUG_INFO = INCLUDE_SOURCE;
				MTL_FAST_MATH = YES;
				ONLY_ACTIVE_ARCH = YES;
				SDKROOT = iphoneos;
				SWIFT_ACTIVE_COMPILATION_CONDITIONS = DEBUG;
				SWIFT_OPTIMIZATION_LEVEL = "-Onone";
			};
			name = Debug;
		};
		15231FA526F6BD6D00A0F77D /* Release */ = {
			isa = XCBuildConfiguration;
			buildSettings = {
				ALWAYS_SEARCH_USER_PATHS = NO;
				CLANG_ANALYZER_NONNULL = YES;
				CLANG_ANALYZER_NUMBER_OBJECT_CONVERSION = YES_AGGRESSIVE;
				CLANG_CXX_LANGUAGE_STANDARD = "gnu++14";
				CLANG_CXX_LIBRARY = "libc++";
				CLANG_ENABLE_MODULES = YES;
				CLANG_ENABLE_OBJC_ARC = YES;
				CLANG_ENABLE_OBJC_WEAK = YES;
				CLANG_WARN_BLOCK_CAPTURE_AUTORELEASING = YES;
				CLANG_WARN_BOOL_CONVERSION = YES;
				CLANG_WARN_COMMA = YES;
				CLANG_WARN_CONSTANT_CONVERSION = YES;
				CLANG_WARN_DEPRECATED_OBJC_IMPLEMENTATIONS = YES;
				CLANG_WARN_DIRECT_OBJC_ISA_USAGE = YES_ERROR;
				CLANG_WARN_DOCUMENTATION_COMMENTS = YES;
				CLANG_WARN_EMPTY_BODY = YES;
				CLANG_WARN_ENUM_CONVERSION = YES;
				CLANG_WARN_INFINITE_RECURSION = YES;
				CLANG_WARN_INT_CONVERSION = YES;
				CLANG_WARN_NON_LITERAL_NULL_CONVERSION = YES;
				CLANG_WARN_OBJC_IMPLICIT_RETAIN_SELF = YES;
				CLANG_WARN_OBJC_LITERAL_CONVERSION = YES;
				CLANG_WARN_OBJC_ROOT_CLASS = YES_ERROR;
				CLANG_WARN_QUOTED_INCLUDE_IN_FRAMEWORK_HEADER = YES;
				CLANG_WARN_RANGE_LOOP_ANALYSIS = YES;
				CLANG_WARN_STRICT_PROTOTYPES = YES;
				CLANG_WARN_SUSPICIOUS_MOVE = YES;
				CLANG_WARN_UNGUARDED_AVAILABILITY = YES_AGGRESSIVE;
				CLANG_WARN_UNREACHABLE_CODE = YES;
				CLANG_WARN__DUPLICATE_METHOD_MATCH = YES;
				COPY_PHASE_STRIP = NO;
				DEBUG_INFORMATION_FORMAT = "dwarf-with-dsym";
				ENABLE_NS_ASSERTIONS = NO;
				ENABLE_STRICT_OBJC_MSGSEND = YES;
				GCC_C_LANGUAGE_STANDARD = gnu11;
				GCC_NO_COMMON_BLOCKS = YES;
				GCC_WARN_64_TO_32_BIT_CONVERSION = YES;
				GCC_WARN_ABOUT_RETURN_TYPE = YES_ERROR;
				GCC_WARN_UNDECLARED_SELECTOR = YES;
				GCC_WARN_UNINITIALIZED_AUTOS = YES_AGGRESSIVE;
				GCC_WARN_UNUSED_FUNCTION = YES;
				GCC_WARN_UNUSED_VARIABLE = YES;
				IPHONEOS_DEPLOYMENT_TARGET = 14.5;
				MTL_ENABLE_DEBUG_INFO = NO;
				MTL_FAST_MATH = YES;
				SDKROOT = iphoneos;
				SWIFT_COMPILATION_MODE = wholemodule;
				SWIFT_OPTIMIZATION_LEVEL = "-O";
				VALIDATE_PRODUCT = YES;
			};
			name = Release;
		};
		15231FA726F6BD6D00A0F77D /* Debug */ = {
			isa = XCBuildConfiguration;
			buildSettings = {
				ASSETCATALOG_COMPILER_APPICON_NAME = AppIcon;
				ASSETCATALOG_COMPILER_GLOBAL_ACCENT_COLOR_NAME = AccentColor;
				CODE_SIGN_STYLE = Automatic;
				INFOPLIST_FILE = UserPostUIKit/Info.plist;
				LD_RUNPATH_SEARCH_PATHS = (
					"$(inherited)",
					"@executable_path/Frameworks",
				);
				PRODUCT_BUNDLE_IDENTIFIER = "Levi-Lunique.UserPostUIKit";
				PRODUCT_NAME = "$(TARGET_NAME)";
				SWIFT_VERSION = 5.0;
				TARGETED_DEVICE_FAMILY = "1,2";
			};
			name = Debug;
		};
		15231FA826F6BD6D00A0F77D /* Release */ = {
			isa = XCBuildConfiguration;
			buildSettings = {
				ASSETCATALOG_COMPILER_APPICON_NAME = AppIcon;
				ASSETCATALOG_COMPILER_GLOBAL_ACCENT_COLOR_NAME = AccentColor;
				CODE_SIGN_STYLE = Automatic;
				INFOPLIST_FILE = UserPostUIKit/Info.plist;
				LD_RUNPATH_SEARCH_PATHS = (
					"$(inherited)",
					"@executable_path/Frameworks",
				);
				PRODUCT_BUNDLE_IDENTIFIER = "Levi-Lunique.UserPostUIKit";
				PRODUCT_NAME = "$(TARGET_NAME)";
				SWIFT_VERSION = 5.0;
				TARGETED_DEVICE_FAMILY = "1,2";
			};
			name = Release;
		};
/* End XCBuildConfiguration section */

/* Begin XCConfigurationList section */
		15231F8D26F6BD6C00A0F77D /* Build configuration list for PBXProject "UserPostUIKit" */ = {
			isa = XCConfigurationList;
			buildConfigurations = (
				15231FA426F6BD6D00A0F77D /* Debug */,
				15231FA526F6BD6D00A0F77D /* Release */,
			);
			defaultConfigurationIsVisible = 0;
			defaultConfigurationName = Release;
		};
		15231FA626F6BD6D00A0F77D /* Build configuration list for PBXNativeTarget "UserPostUIKit" */ = {
			isa = XCConfigurationList;
			buildConfigurations = (
				15231FA726F6BD6D00A0F77D /* Debug */,
				15231FA826F6BD6D00A0F77D /* Release */,
			);
			defaultConfigurationIsVisible = 0;
			defaultConfigurationName = Release;
		};
/* End XCConfigurationList section */
	};
	rootObject = 15231F8A26F6BD6C00A0F77D /* Project object */;
}
